
Microsoft Visual Studio Solution File, Format Version 12.00
Project("{FAE04EC0-301F-11D3-BF4B-00C04F79EFBC}") = "BookPlatform.API", "BookPlatform.API\BookPlatform.API.csproj", "{39CEBF64-5DA1-4A2F-AD8D-F3BD1E1FE075}"
EndProject
Global
	GlobalSection(SolutionConfigurationPlatforms) = preSolution
		Debug|Any CPU = Debug|Any CPU
		Release|Any CPU = Release|Any CPU
	EndGlobalSection
	GlobalSection(ProjectConfigurationPlatforms) = postSolution
		{39CEBF64-5DA1-4A2F-AD8D-F3BD1E1FE075}.Debug|Any CPU.ActiveCfg = Debug|Any CPU
		{39CEBF64-5DA1-4A2F-AD8D-F3BD1E1FE075}.Debug|Any CPU.Build.0 = Debug|Any CPU
		{39CEBF64-5DA1-4A2F-AD8D-F3BD1E1FE075}.Release|Any CPU.ActiveCfg = Release|Any CPU
		{39CEBF64-5DA1-4A2F-AD8D-F3BD1E1FE075}.Release|Any CPU.Build.0 = Release|Any CPU
	EndGlobalSection
EndGlobal
